// !$*UTF8*$!
{
	archiveVersion = 1;
	classes = {
	};
	objectVersion = 55;
	objects = {

/* Begin PBXBuildFile section */
		82E683B327F22B8300CB525E /* AppDelegate.swift in Sources */ = {isa = PBXBuildFile; fileRef = 82E683B227F22B8300CB525E /* AppDelegate.swift */; };
		82E683B527F22B8300CB525E /* SceneDelegate.swift in Sources */ = {isa = PBXBuildFile; fileRef = 82E683B427F22B8300CB525E /* SceneDelegate.swift */; };
		82E683BA27F22B8300CB525E /* Main.storyboard in Resources */ = {isa = PBXBuildFile; fileRef = 82E683B827F22B8300CB525E /* Main.storyboard */; };
		82E683BD27F22B8300CB525E /* DailyJournal.xcdatamodeld in Sources */ = {isa = PBXBuildFile; fileRef = 82E683BB27F22B8300CB525E /* DailyJournal.xcdatamodeld */; };
		82E683BF27F22B8600CB525E /* Assets.xcassets in Resources */ = {isa = PBXBuildFile; fileRef = 82E683BE27F22B8600CB525E /* Assets.xcassets */; };
		82E683C227F22B8600CB525E /* LaunchScreen.storyboard in Resources */ = {isa = PBXBuildFile; fileRef = 82E683C027F22B8600CB525E /* LaunchScreen.storyboard */; };
		82E683CD27F22B8600CB525E /* DailyJournalTests.swift in Sources */ = {isa = PBXBuildFile; fileRef = 82E683CC27F22B8600CB525E /* DailyJournalTests.swift */; };
		82E683D727F22B8600CB525E /* DailyJournalUITests.swift in Sources */ = {isa = PBXBuildFile; fileRef = 82E683D627F22B8600CB525E /* DailyJournalUITests.swift */; };
		82E683D927F22B8600CB525E /* DailyJournalUITestsLaunchTests.swift in Sources */ = {isa = PBXBuildFile; fileRef = 82E683D827F22B8600CB525E /* DailyJournalUITestsLaunchTests.swift */; };
		82E683E827F377B100CB525E /* EntriesTableViewController.swift in Sources */ = {isa = PBXBuildFile; fileRef = 82E683E727F377B100CB525E /* EntriesTableViewController.swift */; };
		82E683EA27F377F900CB525E /* EntryViewController.swift in Sources */ = {isa = PBXBuildFile; fileRef = 82E683E927F377F900CB525E /* EntryViewController.swift */; };
		82E683ED27F4BFA300CB525E /* Entry+CoreDataClass.swift in Sources */ = {isa = PBXBuildFile; fileRef = 82E683EB27F4BFA300CB525E /* Entry+CoreDataClass.swift */; };
		82E683EE27F4BFA300CB525E /* Entry+CoreDataProperties.swift in Sources */ = {isa = PBXBuildFile; fileRef = 82E683EC27F4BFA300CB525E /* Entry+CoreDataProperties.swift */; };
		8B93CD2B280AD57800713677 /* EntryTableViewCell.swift in Sources */ = {isa = PBXBuildFile; fileRef = 8B93CD2A280AD57800713677 /* EntryTableViewCell.swift */; };
/* End PBXBuildFile section */

/* Begin PBXContainerItemProxy section */
		82E683C927F22B8600CB525E /* PBXContainerItemProxy */ = {
			isa = PBXContainerItemProxy;
			containerPortal = 82E683A727F22B8300CB525E /* Project object */;
			proxyType = 1;
			remoteGlobalIDString = 82E683AE27F22B8300CB525E;
			remoteInfo = DailyJournal;
		};
		82E683D327F22B8600CB525E /* PBXContainerItemProxy */ = {
			isa = PBXContainerItemProxy;
			containerPortal = 82E683A727F22B8300CB525E /* Project object */;
			proxyType = 1;
			remoteGlobalIDString = 82E683AE27F22B8300CB525E;
			remoteInfo = DailyJournal;
		};
/* End PBXContainerItemProxy section */

/* Begin PBXFileReference section */
		82E683AF27F22B8300CB525E /* DailyJournal.app */ = {isa = PBXFileReference; explicitFileType = wrapper.application; includeInIndex = 0; path = DailyJournal.app; sourceTree = BUILT_PRODUCTS_DIR; };
		82E683B227F22B8300CB525E /* AppDelegate.swift */ = {isa = PBXFileReference; lastKnownFileType = sourcecode.swift; path = AppDelegate.swift; sourceTree = "<group>"; };
		82E683B427F22B8300CB525E /* SceneDelegate.swift */ = {isa = PBXFileReference; lastKnownFileType = sourcecode.swift; path = SceneDelegate.swift; sourceTree = "<group>"; };
		82E683B927F22B8300CB525E /* Base */ = {isa = PBXFileReference; lastKnownFileType = file.storyboard; name = Base; path = Base.lproj/Main.storyboard; sourceTree = "<group>"; };
		82E683BC27F22B8300CB525E /* DailyJournal.xcdatamodel */ = {isa = PBXFileReference; lastKnownFileType = wrapper.xcdatamodel; path = DailyJournal.xcdatamodel; sourceTree = "<group>"; };
		82E683BE27F22B8600CB525E /* Assets.xcassets */ = {isa = PBXFileReference; lastKnownFileType = folder.assetcatalog; path = Assets.xcassets; sourceTree = "<group>"; };
		82E683C127F22B8600CB525E /* Base */ = {isa = PBXFileReference; lastKnownFileType = file.storyboard; name = Base; path = Base.lproj/LaunchScreen.storyboard; sourceTree = "<group>"; };
		82E683C327F22B8600CB525E /* Info.plist */ = {isa = PBXFileReference; lastKnownFileType = text.plist.xml; path = Info.plist; sourceTree = "<group>"; };
		82E683C827F22B8600CB525E /* DailyJournalTests.xctest */ = {isa = PBXFileReference; explicitFileType = wrapper.cfbundle; includeInIndex = 0; path = DailyJournalTests.xctest; sourceTree = BUILT_PRODUCTS_DIR; };
		82E683CC27F22B8600CB525E /* DailyJournalTests.swift */ = {isa = PBXFileReference; lastKnownFileType = sourcecode.swift; path = DailyJournalTests.swift; sourceTree = "<group>"; };
		82E683D227F22B8600CB525E /* DailyJournalUITests.xctest */ = {isa = PBXFileReference; explicitFileType = wrapper.cfbundle; includeInIndex = 0; path = DailyJournalUITests.xctest; sourceTree = BUILT_PRODUCTS_DIR; };
		82E683D627F22B8600CB525E /* DailyJournalUITests.swift */ = {isa = PBXFileReference; lastKnownFileType = sourcecode.swift; path = DailyJournalUITests.swift; sourceTree = "<group>"; };
		82E683D827F22B8600CB525E /* DailyJournalUITestsLaunchTests.swift */ = {isa = PBXFileReference; lastKnownFileType = sourcecode.swift; path = DailyJournalUITestsLaunchTests.swift; sourceTree = "<group>"; };
		82E683E727F377B100CB525E /* EntriesTableViewController.swift */ = {isa = PBXFileReference; lastKnownFileType = sourcecode.swift; path = EntriesTableViewController.swift; sourceTree = "<group>"; };
		82E683E927F377F900CB525E /* EntryViewController.swift */ = {isa = PBXFileReference; lastKnownFileType = sourcecode.swift; path = EntryViewController.swift; sourceTree = "<group>"; };
		82E683EB27F4BFA300CB525E /* Entry+CoreDataClass.swift */ = {isa = PBXFileReference; lastKnownFileType = sourcecode.swift; path = "Entry+CoreDataClass.swift"; sourceTree = "<group>"; };
		82E683EC27F4BFA300CB525E /* Entry+CoreDataProperties.swift */ = {isa = PBXFileReference; lastKnownFileType = sourcecode.swift; path = "Entry+CoreDataProperties.swift"; sourceTree = "<group>"; };
		8B93CD2A280AD57800713677 /* EntryTableViewCell.swift */ = {isa = PBXFileReference; lastKnownFileType = sourcecode.swift; path = EntryTableViewCell.swift; sourceTree = "<group>"; };
/* End PBXFileReference section */

/* Begin PBXFrameworksBuildPhase section */
		82E683AC27F22B8300CB525E /* Frameworks */ = {
			isa = PBXFrameworksBuildPhase;
			buildActionMask = 2147483647;
			files = (
			);
			runOnlyForDeploymentPostprocessing = 0;
		};
		82E683C527F22B8600CB525E /* Frameworks */ = {
			isa = PBXFrameworksBuildPhase;
			buildActionMask = 2147483647;
			files = (
			);
			runOnlyForDeploymentPostprocessing = 0;
		};
		82E683CF27F22B8600CB525E /* Frameworks */ = {
			isa = PBXFrameworksBuildPhase;
			buildActionMask = 2147483647;
			files = (
			);
			runOnlyForDeploymentPostprocessing = 0;
		};
/* End PBXFrameworksBuildPhase section */

/* Begin PBXGroup section */
		82E683A627F22B8300CB525E = {
			isa = PBXGroup;
			children = (
				82E683B127F22B8300CB525E /* DailyJournal */,
				82E683CB27F22B8600CB525E /* DailyJournalTests */,
				82E683D527F22B8600CB525E /* DailyJournalUITests */,
				82E683B027F22B8300CB525E /* Products */,
			);
			sourceTree = "<group>";
		};
		82E683B027F22B8300CB525E /* Products */ = {
			isa = PBXGroup;
			children = (
				82E683AF27F22B8300CB525E /* DailyJournal.app */,
				82E683C827F22B8600CB525E /* DailyJournalTests.xctest */,
				82E683D227F22B8600CB525E /* DailyJournalUITests.xctest */,
			);
			name = Products;
			sourceTree = "<group>";
		};
		82E683B127F22B8300CB525E /* DailyJournal */ = {
			isa = PBXGroup;
			children = (
				82E683B227F22B8300CB525E /* AppDelegate.swift */,
				82E683B427F22B8300CB525E /* SceneDelegate.swift */,
				82E683E727F377B100CB525E /* EntriesTableViewController.swift */,
				8B93CD2A280AD57800713677 /* EntryTableViewCell.swift */,
				82E683E927F377F900CB525E /* EntryViewController.swift */,
				82E683EB27F4BFA300CB525E /* Entry+CoreDataClass.swift */,
				82E683EC27F4BFA300CB525E /* Entry+CoreDataProperties.swift */,
				82E683B827F22B8300CB525E /* Main.storyboard */,
				82E683BE27F22B8600CB525E /* Assets.xcassets */,
				82E683C027F22B8600CB525E /* LaunchScreen.storyboard */,
				82E683C327F22B8600CB525E /* Info.plist */,
				82E683BB27F22B8300CB525E /* DailyJournal.xcdatamodeld */,
			);
			path = DailyJournal;
			sourceTree = "<group>";
		};
		82E683CB27F22B8600CB525E /* DailyJournalTests */ = {
			isa = PBXGroup;
			children = (
				82E683CC27F22B8600CB525E /* DailyJournalTests.swift */,
			);
			path = DailyJournalTests;
			sourceTree = "<group>";
		};
		82E683D527F22B8600CB525E /* DailyJournalUITests */ = {
			isa = PBXGroup;
			children = (
				82E683D627F22B8600CB525E /* DailyJournalUITests.swift */,
				82E683D827F22B8600CB525E /* DailyJournalUITestsLaunchTests.swift */,
			);
			path = DailyJournalUITests;
			sourceTree = "<group>";
		};
/* End PBXGroup section */

/* Begin PBXNativeTarget section */
		82E683AE27F22B8300CB525E /* DailyJournal */ = {
			isa = PBXNativeTarget;
			buildConfigurationList = 82E683DC27F22B8600CB525E /* Build configuration list for PBXNativeTarget "DailyJournal" */;
			buildPhases = (
				82E683AB27F22B8300CB525E /* Sources */,
				82E683AC27F22B8300CB525E /* Frameworks */,
				82E683AD27F22B8300CB525E /* Resources */,
			);
			buildRules = (
			);
			dependencies = (
			);
			name = DailyJournal;
			productName = DailyJournal;
			productReference = 82E683AF27F22B8300CB525E /* DailyJournal.app */;
			productType = "com.apple.product-type.application";
		};
		82E683C727F22B8600CB525E /* DailyJournalTests */ = {
			isa = PBXNativeTarget;
			buildConfigurationList = 82E683DF27F22B8600CB525E /* Build configuration list for PBXNativeTarget "DailyJournalTests" */;
			buildPhases = (
				82E683C427F22B8600CB525E /* Sources */,
				82E683C527F22B8600CB525E /* Frameworks */,
				82E683C627F22B8600CB525E /* Resources */,
			);
			buildRules = (
			);
			dependencies = (
				82E683CA27F22B8600CB525E /* PBXTargetDependency */,
			);
			name = DailyJournalTests;
			productName = DailyJournalTests;
			productReference = 82E683C827F22B8600CB525E /* DailyJournalTests.xctest */;
			productType = "com.apple.product-type.bundle.unit-test";
		};
		82E683D127F22B8600CB525E /* DailyJournalUITests */ = {
			isa = PBXNativeTarget;
			buildConfigurationList = 82E683E227F22B8600CB525E /* Build configuration list for PBXNativeTarget "DailyJournalUITests" */;
			buildPhases = (
				82E683CE27F22B8600CB525E /* Sources */,
				82E683CF27F22B8600CB525E /* Frameworks */,
				82E683D027F22B8600CB525E /* Resources */,
			);
			buildRules = (
			);
			dependencies = (
				82E683D427F22B8600CB525E /* PBXTargetDependency */,
			);
			name = DailyJournalUITests;
			productName = DailyJournalUITests;
			productReference = 82E683D227F22B8600CB525E /* DailyJournalUITests.xctest */;
			productType = "com.apple.product-type.bundle.ui-testing";
		};
/* End PBXNativeTarget section */

/* Begin PBXProject section */
		82E683A727F22B8300CB525E /* Project object */ = {
			isa = PBXProject;
			attributes = {
				BuildIndependentTargetsInParallel = 1;
				LastSwiftUpdateCheck = 1310;
				LastUpgradeCheck = 1310;
				TargetAttributes = {
					82E683AE27F22B8300CB525E = {
						CreatedOnToolsVersion = 13.1;
					};
					82E683C727F22B8600CB525E = {
						CreatedOnToolsVersion = 13.1;
						TestTargetID = 82E683AE27F22B8300CB525E;
					};
					82E683D127F22B8600CB525E = {
						CreatedOnToolsVersion = 13.1;
						TestTargetID = 82E683AE27F22B8300CB525E;
					};
				};
			};
			buildConfigurationList = 82E683AA27F22B8300CB525E /* Build configuration list for PBXProject "DailyJournal" */;
			compatibilityVersion = "Xcode 13.0";
			developmentRegion = en;
			hasScannedForEncodings = 0;
			knownRegions = (
				en,
				Base,
			);
			mainGroup = 82E683A627F22B8300CB525E;
			productRefGroup = 82E683B027F22B8300CB525E /* Products */;
			projectDirPath = "";
			projectRoot = "";
			targets = (
				82E683AE27F22B8300CB525E /* DailyJournal */,
				82E683C727F22B8600CB525E /* DailyJournalTests */,
				82E683D127F22B8600CB525E /* DailyJournalUITests */,
			);
		};
/* End PBXProject section */

/* Begin PBXResourcesBuildPhase section */
		82E683AD27F22B8300CB525E /* Resources */ = {
			isa = PBXResourcesBuildPhase;
			buildActionMask = 2147483647;
			files = (
				82E683C227F22B8600CB525E /* LaunchScreen.storyboard in Resources */,
				82E683BF27F22B8600CB525E /* Assets.xcassets in Resources */,
				82E683BA27F22B8300CB525E /* Main.storyboard in Resources */,
			);
			runOnlyForDeploymentPostprocessing = 0;
		};
		82E683C627F22B8600CB525E /* Resources */ = {
			isa = PBXResourcesBuildPhase;
			buildActionMask = 2147483647;
			files = (
			);
			runOnlyForDeploymentPostprocessing = 0;
		};
		82E683D027F22B8600CB525E /* Resources */ = {
			isa = PBXResourcesBuildPhase;
			buildActionMask = 2147483647;
			files = (
			);
			runOnlyForDeploymentPostprocessing = 0;
		};
/* End PBXResourcesBuildPhase section */

/* Begin PBXSourcesBuildPhase section */
		82E683AB27F22B8300CB525E /* Sources */ = {
			isa = PBXSourcesBuildPhase;
			buildActionMask = 2147483647;
			files = (
				8B93CD2B280AD57800713677 /* EntryTableViewCell.swift in Sources */,
				82E683B327F22B8300CB525E /* AppDelegate.swift in Sources */,
				82E683EE27F4BFA300CB525E /* Entry+CoreDataProperties.swift in Sources */,
				82E683B527F22B8300CB525E /* SceneDelegate.swift in Sources */,
				82E683BD27F22B8300CB525E /* DailyJournal.xcdatamodeld in Sources */,
				82E683E827F377B100CB525E /* EntriesTableViewController.swift in Sources */,
				82E683ED27F4BFA300CB525E /* Entry+CoreDataClass.swift in Sources */,
				82E683EA27F377F900CB525E /* EntryViewController.swift in Sources */,
			);
			runOnlyForDeploymentPostprocessing = 0;
		};
		82E683C427F22B8600CB525E /* Sources */ = {
			isa = PBXSourcesBuildPhase;
			buildActionMask = 2147483647;
			files = (
				82E683CD27F22B8600CB525E /* DailyJournalTests.swift in Sources */,
			);
			runOnlyForDeploymentPostprocessing = 0;
		};
		82E683CE27F22B8600CB525E /* Sources */ = {
			isa = PBXSourcesBuildPhase;
			buildActionMask = 2147483647;
			files = (
				82E683D927F22B8600CB525E /* DailyJournalUITestsLaunchTests.swift in Sources */,
				82E683D727F22B8600CB525E /* DailyJournalUITests.swift in Sources */,
			);
			runOnlyForDeploymentPostprocessing = 0;
		};
/* End PBXSourcesBuildPhase section */

/* Begin PBXTargetDependency section */
		82E683CA27F22B8600CB525E /* PBXTargetDependency */ = {
			isa = PBXTargetDependency;
			target = 82E683AE27F22B8300CB525E /* DailyJournal */;
			targetProxy = 82E683C927F22B8600CB525E /* PBXContainerItemProxy */;
		};
		82E683D427F22B8600CB525E /* PBXTargetDependency */ = {
			isa = PBXTargetDependency;
			target = 82E683AE27F22B8300CB525E /* DailyJournal */;
			targetProxy = 82E683D327F22B8600CB525E /* PBXContainerItemProxy */;
		};
/* End PBXTargetDependency section */

/* Begin PBXVariantGroup section */
		82E683B827F22B8300CB525E /* Main.storyboard */ = {
			isa = PBXVariantGroup;
			children = (
				82E683B927F22B8300CB525E /* Base */,
			);
			name = Main.storyboard;
			sourceTree = "<group>";
		};
		82E683C027F22B8600CB525E /* LaunchScreen.storyboard */ = {
			isa = PBXVariantGroup;
			children = (
				82E683C127F22B8600CB525E /* Base */,
			);
			name = LaunchScreen.storyboard;
			sourceTree = "<group>";
		};
/* End PBXVariantGroup section */

/* Begin XCBuildConfiguration section */
		82E683DA27F22B8600CB525E /* Debug */ = {
			isa = XCBuildConfiguration;
			buildSettings = {
				ALWAYS_SEARCH_USER_PATHS = NO;
				CLANG_ANALYZER_NONNULL = YES;
				CLANG_ANALYZER_NUMBER_OBJECT_CONVERSION = YES_AGGRESSIVE;
				CLANG_CXX_LANGUAGE_STANDARD = "gnu++17";
				CLANG_CXX_LIBRARY = "libc++";
				CLANG_ENABLE_MODULES = YES;
				CLANG_ENABLE_OBJC_ARC = YES;
				CLANG_ENABLE_OBJC_WEAK = YES;
				CLANG_WARN_BLOCK_CAPTURE_AUTORELEASING = YES;
				CLANG_WARN_BOOL_CONVERSION = YES;
				CLANG_WARN_COMMA = YES;
				CLANG_WARN_CONSTANT_CONVERSION = YES;
				CLANG_WARN_DEPRECATED_OBJC_IMPLEMENTATIONS = YES;
				CLANG_WARN_DIRECT_OBJC_ISA_USAGE = YES_ERROR;
				CLANG_WARN_DOCUMENTATION_COMMENTS = YES;
				CLANG_WARN_EMPTY_BODY = YES;
				CLANG_WARN_ENUM_CONVERSION = YES;
				CLANG_WARN_INFINITE_RECURSION = YES;
				CLANG_WARN_INT_CONVERSION = YES;
				CLANG_WARN_NON_LITERAL_NULL_CONVERSION = YES;
				CLANG_WARN_OBJC_IMPLICIT_RETAIN_SELF = YES;
				CLANG_WARN_OBJC_LITERAL_CONVERSION = YES;
				CLANG_WARN_OBJC_ROOT_CLASS = YES_ERROR;
				CLANG_WARN_QUOTED_INCLUDE_IN_FRAMEWORK_HEADER = YES;
				CLANG_WARN_RANGE_LOOP_ANALYSIS = YES;
				CLANG_WARN_STRICT_PROTOTYPES = YES;
				CLANG_WARN_SUSPICIOUS_MOVE = YES;
				CLANG_WARN_UNGUARDED_AVAILABILITY = YES_AGGRESSIVE;
				CLANG_WARN_UNREACHABLE_CODE = YES;
				CLANG_WARN__DUPLICATE_METHOD_MATCH = YES;
				COPY_PHASE_STRIP = NO;
				DEBUG_INFORMATION_FORMAT = dwarf;
				ENABLE_STRICT_OBJC_MSGSEND = YES;
				ENABLE_TESTABILITY = YES;
				GCC_C_LANGUAGE_STANDARD = gnu11;
				GCC_DYNAMIC_NO_PIC = NO;
				GCC_NO_COMMON_BLOCKS = YES;
				GCC_OPTIMIZATION_LEVEL = 0;
				GCC_PREPROCESSOR_DEFINITIONS = (
					"DEBUG=1",
					"$(inherited)",
				);
				GCC_WARN_64_TO_32_BIT_CONVERSION = YES;
				GCC_WARN_ABOUT_RETURN_TYPE = YES_ERROR;
				GCC_WARN_UNDECLARED_SELECTOR = YES;
				GCC_WARN_UNINITIALIZED_AUTOS = YES_AGGRESSIVE;
				GCC_WARN_UNUSED_FUNCTION = YES;
				GCC_WARN_UNUSED_VARIABLE = YES;
				IPHONEOS_DEPLOYMENT_TARGET = 15.0;
				MTL_ENABLE_DEBUG_INFO = INCLUDE_SOURCE;
				MTL_FAST_MATH = YES;
				ONLY_ACTIVE_ARCH = YES;
				SDKROOT = iphoneos;
				SWIFT_ACTIVE_COMPILATION_CONDITIONS = DEBUG;
				SWIFT_OPTIMIZATION_LEVEL = "-Onone";
			};
			name = Debug;
		};
		82E683DB27F22B8600CB525E /* Release */ = {
			isa = XCBuildConfiguration;
			buildSettings = {
				ALWAYS_SEARCH_USER_PATHS = NO;
				CLANG_ANALYZER_NONNULL = YES;
				CLANG_ANALYZER_NUMBER_OBJECT_CONVERSION = YES_AGGRESSIVE;
				CLANG_CXX_LANGUAGE_STANDARD = "gnu++17";
				CLANG_CXX_LIBRARY = "libc++";
				CLANG_ENABLE_MODULES = YES;
				CLANG_ENABLE_OBJC_ARC = YES;
				CLANG_ENABLE_OBJC_WEAK = YES;
				CLANG_WARN_BLOCK_CAPTURE_AUTORELEASING = YES;
				CLANG_WARN_BOOL_CONVERSION = YES;
				CLANG_WARN_COMMA = YES;
				CLANG_WARN_CONSTANT_CONVERSION = YES;
				CLANG_WARN_DEPRECATED_OBJC_IMPLEMENTATIONS = YES;
				CLANG_WARN_DIRECT_OBJC_ISA_USAGE = YES_ERROR;
				CLANG_WARN_DOCUMENTATION_COMMENTS = YES;
				CLANG_WARN_EMPTY_BODY = YES;
				CLANG_WARN_ENUM_CONVERSION = YES;
				CLANG_WARN_INFINITE_RECURSION = YES;
				CLANG_WARN_INT_CONVERSION = YES;
				CLANG_WARN_NON_LITERAL_NULL_CONVERSION = YES;
				CLANG_WARN_OBJC_IMPLICIT_RETAIN_SELF = YES;
				CLANG_WARN_OBJC_LITERAL_CONVERSION = YES;
				CLANG_WARN_OBJC_ROOT_CLASS = YES_ERROR;
				CLANG_WARN_QUOTED_INCLUDE_IN_FRAMEWORK_HEADER = YES;
				CLANG_WARN_RANGE_LOOP_ANALYSIS = YES;
				CLANG_WARN_STRICT_PROTOTYPES = YES;
				CLANG_WARN_SUSPICIOUS_MOVE = YES;
				CLANG_WARN_UNGUARDED_AVAILABILITY = YES_AGGRESSIVE;
				CLANG_WARN_UNREACHABLE_CODE = YES;
				CLANG_WARN__DUPLICATE_METHOD_MATCH = YES;
				COPY_PHASE_STRIP = NO;
				DEBUG_INFORMATION_FORMAT = "dwarf-with-dsym";
				ENABLE_NS_ASSERTIONS = NO;
				ENABLE_STRICT_OBJC_MSGSEND = YES;
				GCC_C_LANGUAGE_STANDARD = gnu11;
				GCC_NO_COMMON_BLOCKS = YES;
				GCC_WARN_64_TO_32_BIT_CONVERSION = YES;
				GCC_WARN_ABOUT_RETURN_TYPE = YES_ERROR;
				GCC_WARN_UNDECLARED_SELECTOR = YES;
				GCC_WARN_UNINITIALIZED_AUTOS = YES_AGGRESSIVE;
				GCC_WARN_UNUSED_FUNCTION = YES;
				GCC_WARN_UNUSED_VARIABLE = YES;
				IPHONEOS_DEPLOYMENT_TARGET = 15.0;
				MTL_ENABLE_DEBUG_INFO = NO;
				MTL_FAST_MATH = YES;
				SDKROOT = iphoneos;
				SWIFT_COMPILATION_MODE = wholemodule;
				SWIFT_OPTIMIZATION_LEVEL = "-O";
				VALIDATE_PRODUCT = YES;
			};
			name = Release;
		};
		82E683DD27F22B8600CB525E /* Debug */ = {
			isa = XCBuildConfiguration;
			buildSettings = {
				ASSETCATALOG_COMPILER_APPICON_NAME = AppIcon;
				ASSETCATALOG_COMPILER_GLOBAL_ACCENT_COLOR_NAME = AccentColor;
				CODE_SIGN_STYLE = Automatic;
				CURRENT_PROJECT_VERSION = 1;
				GENERATE_INFOPLIST_FILE = YES;
				INFOPLIST_FILE = DailyJournal/Info.plist;
				INFOPLIST_KEY_UIApplicationSupportsIndirectInputEvents = YES;
				INFOPLIST_KEY_UILaunchStoryboardName = LaunchScreen;
				INFOPLIST_KEY_UIMainStoryboardFile = Main;
				INFOPLIST_KEY_UISupportedInterfaceOrientations_iPad = "UIInterfaceOrientationPortrait UIInterfaceOrientationPortraitUpsideDown UIInterfaceOrientationLandscapeLeft UIInterfaceOrientationLandscapeRight";
				INFOPLIST_KEY_UISupportedInterfaceOrientations_iPhone = "UIInterfaceOrientationPortrait UIInterfaceOrientationLandscapeLeft UIInterfaceOrientationLandscapeRight";
				LD_RUNPATH_SEARCH_PATHS = (
					"$(inherited)",
					"@executable_path/Frameworks",
				);
				MARKETING_VERSION = 1.0;
				PRODUCT_BUNDLE_IDENTIFIER = com.rricamar.DailyJournal;
				PRODUCT_NAME = "$(TARGET_NAME)";
				SWIFT_EMIT_LOC_STRINGS = YES;
				SWIFT_VERSION = 5.0;
				TARGETED_DEVICE_FAMILY = "1,2";
			};
			name = Debug;
		};
		82E683DE27F22B8600CB525E /* Release */ = {
			isa = XCBuildConfiguration;
			buildSettings = {
				ASSETCATALOG_COMPILER_APPICON_NAME = AppIcon;
				ASSETCATALOG_COMPILER_GLOBAL_ACCENT_COLOR_NAME = AccentColor;
				CODE_SIGN_STYLE = Automatic;
				CURRENT_PROJECT_VERSION = 1;
				GENERATE_INFOPLIST_FILE = YES;
				INFOPLIST_FILE = DailyJournal/Info.plist;
				INFOPLIST_KEY_UIApplicationSupportsIndirectInputEvents = YES;
				INFOPLIST_KEY_UILaunchStoryboardName = LaunchScreen;
				INFOPLIST_KEY_UIMainStoryboardFile = Main;
				INFOPLIST_KEY_UISupportedInterfaceOrientations_iPad = "UIInterfaceOrientationPortrait UIInterfaceOrientationPortraitUpsideDown UIInterfaceOrientationLandscapeLeft UIInterfaceOrientationLandscapeRight";
				INFOPLIST_KEY_UISupportedInterfaceOrientations_iPhone = "UIInterfaceOrientationPortrait UIInterfaceOrientationLandscapeLeft UIInterfaceOrientationLandscapeRight";
				LD_RUNPATH_SEARCH_PATHS = (
					"$(inherited)",
					"@executable_path/Frameworks",
				);
				MARKETING_VERSION = 1.0;
				PRODUCT_BUNDLE_IDENTIFIER = com.rricamar.DailyJournal;
				PRODUCT_NAME = "$(TARGET_NAME)";
				SWIFT_EMIT_LOC_STRINGS = YES;
				SWIFT_VERSION = 5.0;
				TARGETED_DEVICE_FAMILY = "1,2";
			};
			name = Release;
		};
		82E683E027F22B8600CB525E /* Debug */ = {
			isa = XCBuildConfiguration;
			buildSettings = {
				ALWAYS_EMBED_SWIFT_STANDARD_LIBRARIES = YES;
				BUNDLE_LOADER = "$(TEST_HOST)";
				CODE_SIGN_STYLE = Automatic;
				CURRENT_PROJECT_VERSION = 1;
				GENERATE_INFOPLIST_FILE = YES;
				IPHONEOS_DEPLOYMENT_TARGET = 15.0;
				LD_RUNPATH_SEARCH_PATHS = (
					"$(inherited)",
					"@executable_path/Frameworks",
					"@loader_path/Frameworks",
				);
				MARKETING_VERSION = 1.0;
				PRODUCT_BUNDLE_IDENTIFIER = com.rricamar.DailyJournalTests;
				PRODUCT_NAME = "$(TARGET_NAME)";
				SWIFT_EMIT_LOC_STRINGS = NO;
				SWIFT_VERSION = 5.0;
				TARGETED_DEVICE_FAMILY = "1,2";
				TEST_HOST = "$(BUILT_PRODUCTS_DIR)/DailyJournal.app/DailyJournal";
			};
			name = Debug;
		};
		82E683E127F22B8600CB525E /* Release */ = {
			isa = XCBuildConfiguration;
			buildSettings = {
				ALWAYS_EMBED_SWIFT_STANDARD_LIBRARIES = YES;
				BUNDLE_LOADER = "$(TEST_HOST)";
				CODE_SIGN_STYLE = Automatic;
				CURRENT_PROJECT_VERSION = 1;
				GENERATE_INFOPLIST_FILE = YES;
				IPHONEOS_DEPLOYMENT_TARGET = 15.0;
				LD_RUNPATH_SEARCH_PATHS = (
					"$(inherited)",
					"@executable_path/Frameworks",
					"@loader_path/Frameworks",
				);
				MARKETING_VERSION = 1.0;
				PRODUCT_BUNDLE_IDENTIFIER = com.rricamar.DailyJournalTests;
				PRODUCT_NAME = "$(TARGET_NAME)";
				SWIFT_EMIT_LOC_STRINGS = NO;
				SWIFT_VERSION = 5.0;
				TARGETED_DEVICE_FAMILY = "1,2";
				TEST_HOST = "$(BUILT_PRODUCTS_DIR)/DailyJournal.app/DailyJournal";
			};
			name = Release;
		};
		82E683E327F22B8600CB525E /* Debug */ = {
			isa = XCBuildConfiguration;
			buildSettings = {
				ALWAYS_EMBED_SWIFT_STANDARD_LIBRARIES = YES;
				CODE_SIGN_STYLE = Automatic;
				CURRENT_PROJECT_VERSION = 1;
				GENERATE_INFOPLIST_FILE = YES;
				LD_RUNPATH_SEARCH_PATHS = (
					"$(inherited)",
					"@executable_path/Frameworks",
					"@loader_path/Frameworks",
				);
				MARKETING_VERSION = 1.0;
				PRODUCT_BUNDLE_IDENTIFIER = com.rricamar.DailyJournalUITests;
				PRODUCT_NAME = "$(TARGET_NAME)";
				SWIFT_EMIT_LOC_STRINGS = NO;
				SWIFT_VERSION = 5.0;
				TARGETED_DEVICE_FAMILY = "1,2";
				TEST_TARGET_NAME = DailyJournal;
			};
			name = Debug;
		};
		82E683E427F22B8600CB525E /* Release */ = {
			isa = XCBuildConfiguration;
			buildSettings = {
				ALWAYS_EMBED_SWIFT_STANDARD_LIBRARIES = YES;
				CODE_SIGN_STYLE = Automatic;
				CURRENT_PROJECT_VERSION = 1;
				GENERATE_INFOPLIST_FILE = YES;
				LD_RUNPATH_SEARCH_PATHS = (
					"$(inherited)",
					"@executable_path/Frameworks",
					"@loader_path/Frameworks",
				);
				MARKETING_VERSION = 1.0;
				PRODUCT_BUNDLE_IDENTIFIER = com.rricamar.DailyJournalUITests;
				PRODUCT_NAME = "$(TARGET_NAME)";
				SWIFT_EMIT_LOC_STRINGS = NO;
				SWIFT_VERSION = 5.0;
				TARGETED_DEVICE_FAMILY = "1,2";
				TEST_TARGET_NAME = DailyJournal;
			};
			name = Release;
		};
/* End XCBuildConfiguration section */

/* Begin XCConfigurationList section */
		82E683AA27F22B8300CB525E /* Build configuration list for PBXProject "DailyJournal" */ = {
			isa = XCConfigurationList;
			buildConfigurations = (
				82E683DA27F22B8600CB525E /* Debug */,
				82E683DB27F22B8600CB525E /* Release */,
			);
			defaultConfigurationIsVisible = 0;
			defaultConfigurationName = Release;
		};
		82E683DC27F22B8600CB525E /* Build configuration list for PBXNativeTarget "DailyJournal" */ = {
			isa = XCConfigurationList;
			buildConfigurations = (
				82E683DD27F22B8600CB525E /* Debug */,
				82E683DE27F22B8600CB525E /* Release */,
			);
			defaultConfigurationIsVisible = 0;
			defaultConfigurationName = Release;
		};
		82E683DF27F22B8600CB525E /* Build configuration list for PBXNativeTarget "DailyJournalTests" */ = {
			isa = XCConfigurationList;
			buildConfigurations = (
				82E683E027F22B8600CB525E /* Debug */,
				82E683E127F22B8600CB525E /* Release */,
			);
			defaultConfigurationIsVisible = 0;
			defaultConfigurationName = Release;
		};
		82E683E227F22B8600CB525E /* Build configuration list for PBXNativeTarget "DailyJournalUITests" */ = {
			isa = XCConfigurationList;
			buildConfigurations = (
				82E683E327F22B8600CB525E /* Debug */,
				82E683E427F22B8600CB525E /* Release */,
			);
			defaultConfigurationIsVisible = 0;
			defaultConfigurationName = Release;
		};
/* End XCConfigurationList section */

/* Begin XCVersionGroup section */
		82E683BB27F22B8300CB525E /* DailyJournal.xcdatamodeld */ = {
			isa = XCVersionGroup;
			children = (
				82E683BC27F22B8300CB525E /* DailyJournal.xcdatamodel */,
			);
			currentVersion = 82E683BC27F22B8300CB525E /* DailyJournal.xcdatamodel */;
			path = DailyJournal.xcdatamodeld;
			sourceTree = "<group>";
			versionGroupType = wrapper.xcdatamodel;
		};
/* End XCVersionGroup section */
	};
	rootObject = 82E683A727F22B8300CB525E /* Project object */;
}
